
Microsoft Visual Studio Solution File, Format Version 12.00
# Visual Studio Version 16
VisualStudioVersion = 16.0.32407.337
MinimumVisualStudioVersion = 10.0.40219.1
Project("{9A19103F-16F7-4668-BE54-9A1E7A4F7556}") = "ACulinaryArtillery", "ACulinaryArtillery\ACulinaryArtillery.csproj", "{61F70E67-F91F-4EE6-8D9A-DE75B122DCC7}"
EndProject
Project("{FAE04EC0-301F-11D3-BF4B-00C04F79EFBC}") = "Launcher", "Launcher\Launcher.csproj", "{C6CF04DF-A935-4498-A9B3-0978493B2AD3}"
	ProjectSection(ProjectDependencies) = postProject
		{61F70E67-F91F-4EE6-8D9A-DE75B122DCC7} = {61F70E67-F91F-4EE6-8D9A-DE75B122DCC7}
	EndProjectSection
EndProject
Global
	GlobalSection(SolutionConfigurationPlatforms) = preSolution
		Debug|Any CPU = Debug|Any CPU
		Release|Any CPU = Release|Any CPU
	EndGlobalSection
	GlobalSection(ProjectConfigurationPlatforms) = postSolution
		{61F70E67-F91F-4EE6-8D9A-DE75B122DCC7}.Debug|Any CPU.ActiveCfg = Debug|Any CPU
		{61F70E67-F91F-4EE6-8D9A-DE75B122DCC7}.Debug|Any CPU.Build.0 = Debug|Any CPU
		{61F70E67-F91F-4EE6-8D9A-DE75B122DCC7}.Release|Any CPU.ActiveCfg = Release|Any CPU
		{61F70E67-F91F-4EE6-8D9A-DE75B122DCC7}.Release|Any CPU.Build.0 = Release|Any CPU
		{C6CF04DF-A935-4498-A9B3-0978493B2AD3}.Debug|Any CPU.ActiveCfg = Debug|Any CPU
		{C6CF04DF-A935-4498-A9B3-0978493B2AD3}.Debug|Any CPU.Build.0 = Debug|Any CPU
		{C6CF04DF-A935-4498-A9B3-0978493B2AD3}.Release|Any CPU.ActiveCfg = Release|Any CPU
		{C6CF04DF-A935-4498-A9B3-0978493B2AD3}.Release|Any CPU.Build.0 = Release|Any CPU
	EndGlobalSection
	GlobalSection(SolutionProperties) = preSolution
		HideSolutionNode = FALSE
	EndGlobalSection
	GlobalSection(ExtensibilityGlobals) = postSolution
		SolutionGuid = {09219A7E-1B63-45A6-A4E7-042055996F97}
	EndGlobalSection
EndGlobal
